
Microsoft Visual Studio Solution File, Format Version 12.00
# Visual Studio Version 17
VisualStudioVersion = 17.13.35931.197 d17.13
MinimumVisualStudioVersion = 10.0.40219.1
Project("{FAE04EC0-301F-11D3-BF4B-00C04F79EFBC}") = "WhatsUpAPI", "WhatsUpAPI.csproj", "{B50B10DA-84CF-4836-A52E-B99106AED2CB}"
EndProject
Global
	GlobalSection(SolutionConfigurationPlatforms) = preSolution
		Debug|Any CPU = Debug|Any CPU
		Release|Any CPU = Release|Any CPU
	EndGlobalSection
	GlobalSection(ProjectConfigurationPlatforms) = postSolution
		{B50B10DA-84CF-4836-A52E-B99106AED2CB}.Debug|Any CPU.ActiveCfg = Debug|Any CPU
		{B50B10DA-84CF-4836-A52E-B99106AED2CB}.Debug|Any CPU.Build.0 = Debug|Any CPU
		{B50B10DA-84CF-4836-A52E-B99106AED2CB}.Release|Any CPU.ActiveCfg = Release|Any CPU
		{B50B10DA-84CF-4836-A52E-B99106AED2CB}.Release|Any CPU.Build.0 = Release|Any CPU
	EndGlobalSection
	GlobalSection(SolutionProperties) = preSolution
		HideSolutionNode = FALSE
	EndGlobalSection
	GlobalSection(ExtensibilityGlobals) = postSolution
		SolutionGuid = {920DF4B2-38C8-44F8-A982-F9F81B1E7C37}
	EndGlobalSection
EndGlobal
